
Microsoft Visual Studio Solution File, Format Version 12.00
# Visual Studio 14
VisualStudioVersion = 14.0.24720.0
MinimumVisualStudioVersion = 10.0.40219.1
Project("{FAE04EC0-301F-11D3-BF4B-00C04F79EFBC}") = "DataStructures", "DataStructures\DataStructures.csproj", "{B0F87426-8E50-49AB-8A93-3C495619DBEF}"
EndProject
Project("{FAE04EC0-301F-11D3-BF4B-00C04F79EFBC}") = "DataStructures.Tests", "DataStructures.Tests\DataStructures.Tests.csproj", "{D5359E4A-451C-4913-A62B-0C0A45840BB1}"
EndProject
Global
	GlobalSection(SolutionConfigurationPlatforms) = preSolution
		Debug|Any CPU = Debug|Any CPU
		Release|Any CPU = Release|Any CPU
	EndGlobalSection
	GlobalSection(ProjectConfigurationPlatforms) = postSolution
		{B0F87426-8E50-49AB-8A93-3C495619DBEF}.Debug|Any CPU.ActiveCfg = Debug|Any CPU
		{B0F87426-8E50-49AB-8A93-3C495619DBEF}.Debug|Any CPU.Build.0 = Debug|Any CPU
		{B0F87426-8E50-49AB-8A93-3C495619DBEF}.Release|Any CPU.ActiveCfg = Release|Any CPU
		{B0F87426-8E50-49AB-8A93-3C495619DBEF}.Release|Any CPU.Build.0 = Release|Any CPU
		{D5359E4A-451C-4913-A62B-0C0A45840BB1}.Debug|Any CPU.ActiveCfg = Debug|Any CPU
		{D5359E4A-451C-4913-A62B-0C0A45840BB1}.Debug|Any CPU.Build.0 = Debug|Any CPU
		{D5359E4A-451C-4913-A62B-0C0A45840BB1}.Release|Any CPU.ActiveCfg = Release|Any CPU
		{D5359E4A-451C-4913-A62B-0C0A45840BB1}.Release|Any CPU.Build.0 = Release|Any CPU
	EndGlobalSection
	GlobalSection(SolutionProperties) = preSolution
		HideSolutionNode = FALSE
	EndGlobalSection
EndGlobal
